// !$*UTF8*$!
{
	archiveVersion = 1;
	classes = {
	};
	objectVersion = 56;
	objects = {

/* Begin PBXBuildFile section */
		F65B240629520E1000789E20 /* AppDelegate.swift in Sources */ = {isa = PBXBuildFile; fileRef = F65B240529520E1000789E20 /* AppDelegate.swift */; };
		F65B240829520E1000789E20 /* SceneDelegate.swift in Sources */ = {isa = PBXBuildFile; fileRef = F65B240729520E1000789E20 /* SceneDelegate.swift */; };
		F65B240A29520E1000789E20 /* RandomLayoutViewController.swift in Sources */ = {isa = PBXBuildFile; fileRef = F65B240929520E1000789E20 /* RandomLayoutViewController.swift */; };
		F65B240D29520E1000789E20 /* Main.storyboard in Resources */ = {isa = PBXBuildFile; fileRef = F65B240B29520E1000789E20 /* Main.storyboard */; };
		F65B240F29520E1000789E20 /* Assets.xcassets in Resources */ = {isa = PBXBuildFile; fileRef = F65B240E29520E1000789E20 /* Assets.xcassets */; };
		F65B241229520E1000789E20 /* LaunchScreen.storyboard in Resources */ = {isa = PBXBuildFile; fileRef = F65B241029520E1000789E20 /* LaunchScreen.storyboard */; };
		F65B241A29520E5E00789E20 /* RandomLayout.swift in Sources */ = {isa = PBXBuildFile; fileRef = F65B241929520E5E00789E20 /* RandomLayout.swift */; };
		F65B241C29520EC700789E20 /* RandomCell.swift in Sources */ = {isa = PBXBuildFile; fileRef = F65B241B29520EC700789E20 /* RandomCell.swift */; };
/* End PBXBuildFile section */

/* Begin PBXFileReference section */
		F65B240229520E1000789E20 /* RandomLayout.app */ = {isa = PBXFileReference; explicitFileType = wrapper.application; includeInIndex = 0; path = RandomLayout.app; sourceTree = BUILT_PRODUCTS_DIR; };
		F65B240529520E1000789E20 /* AppDelegate.swift */ = {isa = PBXFileReference; lastKnownFileType = sourcecode.swift; path = AppDelegate.swift; sourceTree = "<group>"; };
		F65B240729520E1000789E20 /* SceneDelegate.swift */ = {isa = PBXFileReference; lastKnownFileType = sourcecode.swift; path = SceneDelegate.swift; sourceTree = "<group>"; };
		F65B240929520E1000789E20 /* RandomLayoutViewController.swift */ = {isa = PBXFileReference; lastKnownFileType = sourcecode.swift; path = RandomLayoutViewController.swift; sourceTree = "<group>"; };
		F65B240C29520E1000789E20 /* Base */ = {isa = PBXFileReference; lastKnownFileType = file.storyboard; name = Base; path = Base.lproj/Main.storyboard; sourceTree = "<group>"; };
		F65B240E29520E1000789E20 /* Assets.xcassets */ = {isa = PBXFileReference; lastKnownFileType = folder.assetcatalog; path = Assets.xcassets; sourceTree = "<group>"; };
		F65B241129520E1000789E20 /* Base */ = {isa = PBXFileReference; lastKnownFileType = file.storyboard; name = Base; path = Base.lproj/LaunchScreen.storyboard; sourceTree = "<group>"; };
		F65B241329520E1000789E20 /* Info.plist */ = {isa = PBXFileReference; lastKnownFileType = text.plist.xml; path = Info.plist; sourceTree = "<group>"; };
		F65B241929520E5E00789E20 /* RandomLayout.swift */ = {isa = PBXFileReference; lastKnownFileType = sourcecode.swift; path = RandomLayout.swift; sourceTree = "<group>"; };
		F65B241B29520EC700789E20 /* RandomCell.swift */ = {isa = PBXFileReference; lastKnownFileType = sourcecode.swift; path = RandomCell.swift; sourceTree = "<group>"; };
/* End PBXFileReference section */

/* Begin PBXFrameworksBuildPhase section */
		F65B23FF29520E1000789E20 /* Frameworks */ = {
			isa = PBXFrameworksBuildPhase;
			buildActionMask = 2147483647;
			files = (
			);
			runOnlyForDeploymentPostprocessing = 0;
		};
/* End PBXFrameworksBuildPhase section */

/* Begin PBXGroup section */
		F65B23F929520E1000789E20 = {
			isa = PBXGroup;
			children = (
				F65B240429520E1000789E20 /* RandomLayout */,
				F65B240329520E1000789E20 /* Products */,
			);
			sourceTree = "<group>";
		};
		F65B240329520E1000789E20 /* Products */ = {
			isa = PBXGroup;
			children = (
				F65B240229520E1000789E20 /* RandomLayout.app */,
			);
			name = Products;
			sourceTree = "<group>";
		};
		F65B240429520E1000789E20 /* RandomLayout */ = {
			isa = PBXGroup;
			children = (
				F65B240529520E1000789E20 /* AppDelegate.swift */,
				F65B240729520E1000789E20 /* SceneDelegate.swift */,
				F65B240929520E1000789E20 /* RandomLayoutViewController.swift */,
				F65B241929520E5E00789E20 /* RandomLayout.swift */,
				F65B240B29520E1000789E20 /* Main.storyboard */,
				F65B240E29520E1000789E20 /* Assets.xcassets */,
				F65B241029520E1000789E20 /* LaunchScreen.storyboard */,
				F65B241329520E1000789E20 /* Info.plist */,
				F65B241B29520EC700789E20 /* RandomCell.swift */,
			);
			path = RandomLayout;
			sourceTree = "<group>";
		};
/* End PBXGroup section */

/* Begin PBXNativeTarget section */
		F65B240129520E1000789E20 /* RandomLayout */ = {
			isa = PBXNativeTarget;
			buildConfigurationList = F65B241629520E1000789E20 /* Build configuration list for PBXNativeTarget "RandomLayout" */;
			buildPhases = (
				F65B23FE29520E1000789E20 /* Sources */,
				F65B23FF29520E1000789E20 /* Frameworks */,
				F65B240029520E1000789E20 /* Resources */,
			);
			buildRules = (
			);
			dependencies = (
			);
			name = RandomLayout;
			productName = RandomLayout;
			productReference = F65B240229520E1000789E20 /* RandomLayout.app */;
			productType = "com.apple.product-type.application";
		};
/* End PBXNativeTarget section */

/* Begin PBXProject section */
		F65B23FA29520E1000789E20 /* Project object */ = {
			isa = PBXProject;
			attributes = {
				BuildIndependentTargetsInParallel = 1;
				LastSwiftUpdateCheck = 1400;
				LastUpgradeCheck = 1400;
				TargetAttributes = {
					F65B240129520E1000789E20 = {
						CreatedOnToolsVersion = 14.0;
					};
				};
			};
			buildConfigurationList = F65B23FD29520E1000789E20 /* Build configuration list for PBXProject "RandomLayout" */;
			compatibilityVersion = "Xcode 14.0";
			developmentRegion = en;
			hasScannedForEncodings = 0;
			knownRegions = (
				en,
				Base,
			);
			mainGroup = F65B23F929520E1000789E20;
			productRefGroup = F65B240329520E1000789E20 /* Products */;
			projectDirPath = "";
			projectRoot = "";
			targets = (
				F65B240129520E1000789E20 /* RandomLayout */,
			);
		};
/* End PBXProject section */

/* Begin PBXResourcesBuildPhase section */
		F65B240029520E1000789E20 /* Resources */ = {
			isa = PBXResourcesBuildPhase;
			buildActionMask = 2147483647;
			files = (
				F65B241229520E1000789E20 /* LaunchScreen.storyboard in Resources */,
				F65B240F29520E1000789E20 /* Assets.xcassets in Resources */,
				F65B240D29520E1000789E20 /* Main.storyboard in Resources */,
			);
			runOnlyForDeploymentPostprocessing = 0;
		};
/* End PBXResourcesBuildPhase section */

/* Begin PBXSourcesBuildPhase section */
		F65B23FE29520E1000789E20 /* Sources */ = {
			isa = PBXSourcesBuildPhase;
			buildActionMask = 2147483647;
			files = (
				F65B241A29520E5E00789E20 /* RandomLayout.swift in Sources */,
				F65B240A29520E1000789E20 /* RandomLayoutViewController.swift in Sources */,
				F65B241C29520EC700789E20 /* RandomCell.swift in Sources */,
				F65B240629520E1000789E20 /* AppDelegate.swift in Sources */,
				F65B240829520E1000789E20 /* SceneDelegate.swift in Sources */,
			);
			runOnlyForDeploymentPostprocessing = 0;
		};
/* End PBXSourcesBuildPhase section */

/* Begin PBXVariantGroup section */
		F65B240B29520E1000789E20 /* Main.storyboard */ = {
			isa = PBXVariantGroup;
			children = (
				F65B240C29520E1000789E20 /* Base */,
			);
			name = Main.storyboard;
			sourceTree = "<group>";
		};
		F65B241029520E1000789E20 /* LaunchScreen.storyboard */ = {
			isa = PBXVariantGroup;
			children = (
				F65B241129520E1000789E20 /* Base */,
			);
			name = LaunchScreen.storyboard;
			sourceTree = "<group>";
		};
/* End PBXVariantGroup section */

/* Begin XCBuildConfiguration section */
		F65B241429520E1000789E20 /* Debug */ = {
			isa = XCBuildConfiguration;
			buildSettings = {
				ALWAYS_SEARCH_USER_PATHS = NO;
				CLANG_ANALYZER_NONNULL = YES;
				CLANG_ANALYZER_NUMBER_OBJECT_CONVERSION = YES_AGGRESSIVE;
				CLANG_CXX_LANGUAGE_STANDARD = "gnu++20";
				CLANG_ENABLE_MODULES = YES;
				CLANG_ENABLE_OBJC_ARC = YES;
				CLANG_ENABLE_OBJC_WEAK = YES;
				CLANG_WARN_BLOCK_CAPTURE_AUTORELEASING = YES;
				CLANG_WARN_BOOL_CONVERSION = YES;
				CLANG_WARN_COMMA = YES;
				CLANG_WARN_CONSTANT_CONVERSION = YES;
				CLANG_WARN_DEPRECATED_OBJC_IMPLEMENTATIONS = YES;
				CLANG_WARN_DIRECT_OBJC_ISA_USAGE = YES_ERROR;
				CLANG_WARN_DOCUMENTATION_COMMENTS = YES;
				CLANG_WARN_EMPTY_BODY = YES;
				CLANG_WARN_ENUM_CONVERSION = YES;
				CLANG_WARN_INFINITE_RECURSION = YES;
				CLANG_WARN_INT_CONVERSION = YES;
				CLANG_WARN_NON_LITERAL_NULL_CONVERSION = YES;
				CLANG_WARN_OBJC_IMPLICIT_RETAIN_SELF = YES;
				CLANG_WARN_OBJC_LITERAL_CONVERSION = YES;
				CLANG_WARN_OBJC_ROOT_CLASS = YES_ERROR;
				CLANG_WARN_QUOTED_INCLUDE_IN_FRAMEWORK_HEADER = YES;
				CLANG_WARN_RANGE_LOOP_ANALYSIS = YES;
				CLANG_WARN_STRICT_PROTOTYPES = YES;
				CLANG_WARN_SUSPICIOUS_MOVE = YES;
				CLANG_WARN_UNGUARDED_AVAILABILITY = YES_AGGRESSIVE;
				CLANG_WARN_UNREACHABLE_CODE = YES;
				CLANG_WARN__DUPLICATE_METHOD_MATCH = YES;
				COPY_PHASE_STRIP = NO;
				DEBUG_INFORMATION_FORMAT = dwarf;
				ENABLE_STRICT_OBJC_MSGSEND = YES;
				ENABLE_TESTABILITY = YES;
				GCC_C_LANGUAGE_STANDARD = gnu11;
				GCC_DYNAMIC_NO_PIC = NO;
				GCC_NO_COMMON_BLOCKS = YES;
				GCC_OPTIMIZATION_LEVEL = 0;
				GCC_PREPROCESSOR_DEFINITIONS = (
					"DEBUG=1",
					"$(inherited)",
				);
				GCC_WARN_64_TO_32_BIT_CONVERSION = YES;
				GCC_WARN_ABOUT_RETURN_TYPE = YES_ERROR;
				GCC_WARN_UNDECLARED_SELECTOR = YES;
				GCC_WARN_UNINITIALIZED_AUTOS = YES_AGGRESSIVE;
				GCC_WARN_UNUSED_FUNCTION = YES;
				GCC_WARN_UNUSED_VARIABLE = YES;
				IPHONEOS_DEPLOYMENT_TARGET = 16.0;
				MTL_ENABLE_DEBUG_INFO = INCLUDE_SOURCE;
				MTL_FAST_MATH = YES;
				ONLY_ACTIVE_ARCH = YES;
				SDKROOT = iphoneos;
				SWIFT_ACTIVE_COMPILATION_CONDITIONS = DEBUG;
				SWIFT_OPTIMIZATION_LEVEL = "-Onone";
			};
			name = Debug;
		};
		F65B241529520E1000789E20 /* Release */ = {
			isa = XCBuildConfiguration;
			buildSettings = {
				ALWAYS_SEARCH_USER_PATHS = NO;
				CLANG_ANALYZER_NONNULL = YES;
				CLANG_ANALYZER_NUMBER_OBJECT_CONVERSION = YES_AGGRESSIVE;
				CLANG_CXX_LANGUAGE_STANDARD = "gnu++20";
				CLANG_ENABLE_MODULES = YES;
				CLANG_ENABLE_OBJC_ARC = YES;
				CLANG_ENABLE_OBJC_WEAK = YES;
				CLANG_WARN_BLOCK_CAPTURE_AUTORELEASING = YES;
				CLANG_WARN_BOOL_CONVERSION = YES;
				CLANG_WARN_COMMA = YES;
				CLANG_WARN_CONSTANT_CONVERSION = YES;
				CLANG_WARN_DEPRECATED_OBJC_IMPLEMENTATIONS = YES;
				CLANG_WARN_DIRECT_OBJC_ISA_USAGE = YES_ERROR;
				CLANG_WARN_DOCUMENTATION_COMMENTS = YES;
				CLANG_WARN_EMPTY_BODY = YES;
				CLANG_WARN_ENUM_CONVERSION = YES;
				CLANG_WARN_INFINITE_RECURSION = YES;
				CLANG_WARN_INT_CONVERSION = YES;
				CLANG_WARN_NON_LITERAL_NULL_CONVERSION = YES;
				CLANG_WARN_OBJC_IMPLICIT_RETAIN_SELF = YES;
				CLANG_WARN_OBJC_LITERAL_CONVERSION = YES;
				CLANG_WARN_OBJC_ROOT_CLASS = YES_ERROR;
				CLANG_WARN_QUOTED_INCLUDE_IN_FRAMEWORK_HEADER = YES;
				CLANG_WARN_RANGE_LOOP_ANALYSIS = YES;
				CLANG_WARN_STRICT_PROTOTYPES = YES;
				CLANG_WARN_SUSPICIOUS_MOVE = YES;
				CLANG_WARN_UNGUARDED_AVAILABILITY = YES_AGGRESSIVE;
				CLANG_WARN_UNREACHABLE_CODE = YES;
				CLANG_WARN__DUPLICATE_METHOD_MATCH = YES;
				COPY_PHASE_STRIP = NO;
				DEBUG_INFORMATION_FORMAT = "dwarf-with-dsym";
				ENABLE_NS_ASSERTIONS = NO;
				ENABLE_STRICT_OBJC_MSGSEND = YES;
				GCC_C_LANGUAGE_STANDARD = gnu11;
				GCC_NO_COMMON_BLOCKS = YES;
				GCC_WARN_64_TO_32_BIT_CONVERSION = YES;
				GCC_WARN_ABOUT_RETURN_TYPE = YES_ERROR;
				GCC_WARN_UNDECLARED_SELECTOR = YES;
				GCC_WARN_UNINITIALIZED_AUTOS = YES_AGGRESSIVE;
				GCC_WARN_UNUSED_FUNCTION = YES;
				GCC_WARN_UNUSED_VARIABLE = YES;
				IPHONEOS_DEPLOYMENT_TARGET = 16.0;
				MTL_ENABLE_DEBUG_INFO = NO;
				MTL_FAST_MATH = YES;
				SDKROOT = iphoneos;
				SWIFT_COMPILATION_MODE = wholemodule;
				SWIFT_OPTIMIZATION_LEVEL = "-O";
				VALIDATE_PRODUCT = YES;
			};
			name = Release;
		};
		F65B241729520E1000789E20 /* Debug */ = {
			isa = XCBuildConfiguration;
			buildSettings = {
				ASSETCATALOG_COMPILER_APPICON_NAME = AppIcon;
				ASSETCATALOG_COMPILER_GLOBAL_ACCENT_COLOR_NAME = AccentColor;
				CODE_SIGN_STYLE = Automatic;
				CURRENT_PROJECT_VERSION = 1;
				DEVELOPMENT_TEAM = J8UL7XJ533;
				GENERATE_INFOPLIST_FILE = YES;
				INFOPLIST_FILE = RandomLayout/Info.plist;
				INFOPLIST_KEY_UIApplicationSupportsIndirectInputEvents = YES;
				INFOPLIST_KEY_UILaunchStoryboardName = LaunchScreen;
				INFOPLIST_KEY_UIMainStoryboardFile = Main;
				INFOPLIST_KEY_UISupportedInterfaceOrientations_iPad = "UIInterfaceOrientationPortrait UIInterfaceOrientationPortraitUpsideDown UIInterfaceOrientationLandscapeLeft UIInterfaceOrientationLandscapeRight";
				INFOPLIST_KEY_UISupportedInterfaceOrientations_iPhone = "UIInterfaceOrientationPortrait UIInterfaceOrientationLandscapeLeft UIInterfaceOrientationLandscapeRight";
				LD_RUNPATH_SEARCH_PATHS = (
					"$(inherited)",
					"@executable_path/Frameworks",
				);
				MARKETING_VERSION = 1.0;
				PRODUCT_BUNDLE_IDENTIFIER = ksyp.inro.com.RandomLayout;
				PRODUCT_NAME = "$(TARGET_NAME)";
				SWIFT_EMIT_LOC_STRINGS = YES;
				SWIFT_VERSION = 5.0;
				TARGETED_DEVICE_FAMILY = "1,2";
			};
			name = Debug;
		};
		F65B241829520E1000789E20 /* Release */ = {
			isa = XCBuildConfiguration;
			buildSettings = {
				ASSETCATALOG_COMPILER_APPICON_NAME = AppIcon;
				ASSETCATALOG_COMPILER_GLOBAL_ACCENT_COLOR_NAME = AccentColor;
				CODE_SIGN_STYLE = Automatic;
				CURRENT_PROJECT_VERSION = 1;
				DEVELOPMENT_TEAM = J8UL7XJ533;
				GENERATE_INFOPLIST_FILE = YES;
				INFOPLIST_FILE = RandomLayout/Info.plist;
				INFOPLIST_KEY_UIApplicationSupportsIndirectInputEvents = YES;
				INFOPLIST_KEY_UILaunchStoryboardName = LaunchScreen;
				INFOPLIST_KEY_UIMainStoryboardFile = Main;
				INFOPLIST_KEY_UISupportedInterfaceOrientations_iPad = "UIInterfaceOrientationPortrait UIInterfaceOrientationPortraitUpsideDown UIInterfaceOrientationLandscapeLeft UIInterfaceOrientationLandscapeRight";
				INFOPLIST_KEY_UISupportedInterfaceOrientations_iPhone = "UIInterfaceOrientationPortrait UIInterfaceOrientationLandscapeLeft UIInterfaceOrientationLandscapeRight";
				LD_RUNPATH_SEARCH_PATHS = (
					"$(inherited)",
					"@executable_path/Frameworks",
				);
				MARKETING_VERSION = 1.0;
				PRODUCT_BUNDLE_IDENTIFIER = ksyp.inro.com.RandomLayout;
				PRODUCT_NAME = "$(TARGET_NAME)";
				SWIFT_EMIT_LOC_STRINGS = YES;
				SWIFT_VERSION = 5.0;
				TARGETED_DEVICE_FAMILY = "1,2";
			};
			name = Release;
		};
/* End XCBuildConfiguration section */

/* Begin XCConfigurationList section */
		F65B23FD29520E1000789E20 /* Build configuration list for PBXProject "RandomLayout" */ = {
			isa = XCConfigurationList;
			buildConfigurations = (
				F65B241429520E1000789E20 /* Debug */,
				F65B241529520E1000789E20 /* Release */,
			);
			defaultConfigurationIsVisible = 0;
			defaultConfigurationName = Release;
		};
		F65B241629520E1000789E20 /* Build configuration list for PBXNativeTarget "RandomLayout" */ = {
			isa = XCConfigurationList;
			buildConfigurations = (
				F65B241729520E1000789E20 /* Debug */,
				F65B241829520E1000789E20 /* Release */,
			);
			defaultConfigurationIsVisible = 0;
			defaultConfigurationName = Release;
		};
/* End XCConfigurationList section */
	};
	rootObject = F65B23FA29520E1000789E20 /* Project object */;
}
